
Microsoft Visual Studio Solution File, Format Version 12.00
# Visual Studio Version 16
VisualStudioVersion = 16.0.31515.178
MinimumVisualStudioVersion = 10.0.40219.1
Project("{9A19103F-16F7-4668-BE54-9A1E7A4F7556}") = "01-Uvod_00-Opakovani-syntaxe", "01-Hello-world\01-Uvod_00-Opakovani-syntaxe.csproj", "{E770CA71-1033-4DA3-85B5-886CA434C0FD}"
EndProject
Project("{2150E333-8FDC-42A3-9474-1A3956D46DE8}") = "01-Uvod", "01-Uvod", "{CC7157B4-1929-4648-80A1-7F16EF70BAFC}"
EndProject
Project("{9A19103F-16F7-4668-BE54-9A1E7A4F7556}") = "01-Uvod_01-Prohozeni-promennych", "01-Uvod_01-Prohozeni-promennych\01-Uvod_01-Prohozeni-promennych.csproj", "{B39E522B-C3EF-4B92-A6C4-9CA94DE1BBA7}"
EndProject
Project("{9A19103F-16F7-4668-BE54-9A1E7A4F7556}") = "01-Uvod_02-TryParse", "01-Uvod_02-TryParse\01-Uvod_02-TryParse.csproj", "{4C59605B-083A-42CB-8C03-EBC851E4728A}"
EndProject
Project("{2150E333-8FDC-42A3-9474-1A3956D46DE8}") = "02-OOP-a-pod", "02-OOP-a-pod", "{2018ED7B-63DA-442A-94EC-5B9D56B2100B}"
EndProject
Project("{9A19103F-16F7-4668-BE54-9A1E7A4F7556}") = "02-OOP-01-Enum", "02-OOP-01-Enum\02-OOP-01-Enum.csproj", "{7F481C05-47C7-4569-8636-0968F8A70CC5}"
EndProject
Project("{9A19103F-16F7-4668-BE54-9A1E7A4F7556}") = "02-OOP-02-Kruznice-I", "02-OOP-02-Kruznice-I\02-OOP-02-Kruznice-I.csproj", "{EDF728F2-D5B6-478C-8453-09F457E00D63}"
EndProject
Project("{9A19103F-16F7-4668-BE54-9A1E7A4F7556}") = "02-OOP-03-Ctyrlistek-I", "02-OOP-03-Ctyrlistek-I\02-OOP-03-Ctyrlistek-I.csproj", "{EE8FB584-F613-4183-A010-5C3715C5DEF2}"
EndProject
Project("{9A19103F-16F7-4668-BE54-9A1E7A4F7556}") = "02-OOP-04-Kruznice-II", "02-OOP-04-Kruznice-II\02-OOP-04-Kruznice-II.csproj", "{F2F18198-B34A-40B0-9190-0BA2A57662F1}"
EndProject
Project("{9A19103F-16F7-4668-BE54-9A1E7A4F7556}") = "02-OOP-05-Kruznice-III", "02-OOP-05-Kruznice-III\02-OOP-05-Kruznice-III.csproj", "{EDB72410-27C8-432A-B1F3-54C04069E6B8}"
EndProject
Project("{2150E333-8FDC-42A3-9474-1A3956D46DE8}") = "Reseni-replit", "Reseni-replit", "{672241D6-9FB7-415E-B580-93DDC9E971DE}"
EndProject
Project("{9A19103F-16F7-4668-BE54-9A1E7A4F7556}") = "02a-OOP_reseni-010-Obdelnik-I", "02a-OOP_reseni-010-Obdelnik-I\02a-OOP_reseni-010-Obdelnik-I.csproj", "{966D27D5-1C92-47E4-BD8A-79F8601DBE7C}"
EndProject
Project("{9A19103F-16F7-4668-BE54-9A1E7A4F7556}") = "02a-OOP_reseni-020-Pes", "02a-OOP_reseni-020-Pes\02a-OOP_reseni-020-Pes.csproj", "{F5E6F822-05B6-4C12-94A5-3529CF20937B}"
EndProject
Project("{9A19103F-16F7-4668-BE54-9A1E7A4F7556}") = "02a-OOP_reseni-030-CD-Disky", "02a-OOP_reseni-030-CD-Disky\02a-OOP_reseni-030-CD-Disky.csproj", "{6558BD84-DDB9-4BE4-9608-B73AD5000214}"
EndProject
Project("{9A19103F-16F7-4668-BE54-9A1E7A4F7556}") = "02a-OOP_reseni-040-Nakupni-seznam", "02a-OOP_reseni-040-Nakupni-seznam\02a-OOP_reseni-040-Nakupni-seznam.csproj", "{827BB8FA-CB59-49D5-8D17-46C2234C9D4C}"
EndProject
Project("{9A19103F-16F7-4668-BE54-9A1E7A4F7556}") = "02a-OOP_reseni-050-Prebirani-pole", "02a-OOP_reseni-050-Prebirani-pole\02a-OOP_reseni-050-Prebirani-pole.csproj", "{1D77772B-170A-4AA8-9E36-0384AB94D40B}"
EndProject
Project("{9A19103F-16F7-4668-BE54-9A1E7A4F7556}") = "02a-OOP_reseni-060-Pes-II", "02a-OOP_reseni-060-Pes-II\02a-OOP_reseni-060-Pes-II.csproj", "{142E903C-BA34-4EBD-8174-678EA387DAC1}"
EndProject
Project("{9A19103F-16F7-4668-BE54-9A1E7A4F7556}") = "02a-OOP_reseni-070-Tabulka-cokolady", "02a-OOP_reseni-070-Tabulka-cokolady\02a-OOP_reseni-070-Tabulka-cokolady.csproj", "{1F723873-F271-40AA-B020-76D46C912097}"
EndProject
Project("{9A19103F-16F7-4668-BE54-9A1E7A4F7556}") = "02a-OOP_reseni-080-Obdelnik-II", "02a-OOP_reseni-080-Obdelnik-II\02a-OOP_reseni-080-Obdelnik-II.csproj", "{5E33B7CD-D341-480A-93BB-5693CA997667}"
EndProject
Project("{9A19103F-16F7-4668-BE54-9A1E7A4F7556}") = "02a-OOP_reseni-090-Obdelnik-III", "02a-OOP_reseni-090-Obdelnik-III\02a-OOP_reseni-090-Obdelnik-III.csproj", "{CE0512EC-903A-4A7F-BE68-04706A671102}"
EndProject
Project("{9A19103F-16F7-4668-BE54-9A1E7A4F7556}") = "02-OOP-06-Ucet", "02-OOP-06-Ucet\02-OOP-06-Ucet.csproj", "{7D10B6EA-1A8C-4BCB-AFF7-9AF44ECE098D}"
EndProject
Project("{9A19103F-16F7-4668-BE54-9A1E7A4F7556}") = "02-OOP-07-Bod", "02-OOP-07-Bod\02-OOP-07-Bod.csproj", "{C7D03150-A7BC-481B-A05B-53CAA30E2B58}"
EndProject
Project("{9A19103F-16F7-4668-BE54-9A1E7A4F7556}") = "02-OOP-08-Geometrie", "02-OOP-08-Geometrie\02-OOP-08-Geometrie.csproj", "{5B8B71AF-DF21-4D56-A516-BFB588DD4D17}"
EndProject
Project("{9A19103F-16F7-4668-BE54-9A1E7A4F7556}") = "XX-file-read-write-demo", "XX-file-read-write-demo\XX-file-read-write-demo.csproj", "{A39FE4D8-D774-414D-8693-5F9322BD537F}"
EndProject
Project("{2150E333-8FDC-42A3-9474-1A3956D46DE8}") = "03-WPF-basics", "03-WPF-basics", "{53BC446D-A6E9-4ACC-A037-635DD4DAF35A}"
EndProject
Project("{9A19103F-16F7-4668-BE54-9A1E7A4F7556}") = "03-WPF-01-Hello-world", "03-WPF-01-Hello-world\03-WPF-01-Hello-world.csproj", "{CD5946D1-0A06-42AD-83E0-46426EB85490}"
EndProject
Project("{9A19103F-16F7-4668-BE54-9A1E7A4F7556}") = "03-WPF-02-Text-copy", "03-WPF-02-Text-copy\03-WPF-02-Text-copy.csproj", "{D5DFC769-6E38-4336-B2B8-5F14D5A996E1}"
EndProject
Project("{9A19103F-16F7-4668-BE54-9A1E7A4F7556}") = "02a-OOP_reseni-100-Pes-III", "C:\Users\koupja\source\repos\2021_PR2_2As2\02a-OOP_reseni-100-Pes-III\02a-OOP_reseni-100-Pes-III.csproj", "{5C0AE734-EA29-4DAD-8866-7ED02A8EF92A}"
EndProject
Project("{9A19103F-16F7-4668-BE54-9A1E7A4F7556}") = "02a-OOP_reseni-110-Tabulka-cokolady-II", "C:\Users\koupja\source\repos\2021_PR2_2As2\02a-OOP_reseni-110-Tabulka-cokolady-III\02a-OOP_reseni-110-Tabulka-cokolady-II.csproj", "{D0C82453-61B2-4ED1-B0B3-BC5BDDB6536C}"
EndProject
Project("{9A19103F-16F7-4668-BE54-9A1E7A4F7556}") = "02a-OOP_reseni-120-Kbeliky", "C:\Users\koupja\source\repos\2021_PR2_2As2\02a-OOP_reseni-120-Kbeliky\02a-OOP_reseni-120-Kbeliky.csproj", "{D43B09AF-B412-4230-8720-E5D0949794EA}"
EndProject
Project("{9A19103F-16F7-4668-BE54-9A1E7A4F7556}") = "03-WPF-03-MessageBox", "03-WPF-03-MessageBox\03-WPF-03-MessageBox.csproj", "{D42ACC31-3EE6-413B-AF5A-F622ACF9EE18}"
EndProject
Project("{9A19103F-16F7-4668-BE54-9A1E7A4F7556}") = "03-WPF-04-O-deset-vic", "03-WPF-04-O-deset-vic\03-WPF-04-O-deset-vic.csproj", "{2B765E28-C78A-452D-B751-2C0ED2C4C2C3}"
EndProject
Project("{9A19103F-16F7-4668-BE54-9A1E7A4F7556}") = "03-WPF-05-Checkbox", "03-WPF-05-Checkbox\03-WPF-05-Checkbox.csproj", "{0CC47082-0027-4BC3-991A-F051146A9BCD}"
EndProject
Project("{9A19103F-16F7-4668-BE54-9A1E7A4F7556}") = "03-WPF-06-Omalovanky", "03-WPF-06-Omalovanky\03-WPF-06-Omalovanky.csproj", "{B4A48B3F-90AB-4FD9-B44C-6B9699784FC0}"
EndProject
Project("{9A19103F-16F7-4668-BE54-9A1E7A4F7556}") = "03-WPF-07-Sentence-swap", "03-WPF-07-Sentence-swap\03-WPF-07-Sentence-swap.csproj", "{6707BA58-9CB3-49EF-8B21-AA41E6D78095}"
EndProject
Project("{9A19103F-16F7-4668-BE54-9A1E7A4F7556}") = "03-WPF-08-Scitacka-II", "03-WPF-08-Scitacka-II\03-WPF-08-Scitacka-II.csproj", "{F18912CE-D74B-48A6-BD7A-C8CBE45FB3AF}"
EndProject
Project("{9A19103F-16F7-4668-BE54-9A1E7A4F7556}") = "03-WPF-09-Fotoprohlizec", "03-WPF-09-Fotoprohlizec\03-WPF-09-Fotoprohlizec.csproj", "{931EB644-B4E4-4B49-841E-AA60575E7617}"
EndProject
Project("{9A19103F-16F7-4668-BE54-9A1E7A4F7556}") = "03-WPF-10-Radio-a-disabled", "03-WPF-10-Radio-a-disabled\03-WPF-10-Radio-a-disabled.csproj", "{BF87F4F4-C69B-45C5-9126-DDE94B671F78}"
EndProject
Project("{9A19103F-16F7-4668-BE54-9A1E7A4F7556}") = "03-WPF-11-Calculator", "03-WPF-11-Calculator\03-WPF-11-Calculator.csproj", "{073D4195-57E5-477B-A0DB-A95D45579B2B}"
EndProject
Project("{9A19103F-16F7-4668-BE54-9A1E7A4F7556}") = "03-WPF-12-Timery", "03-WPF-12-Timery\03-WPF-12-Timery.csproj", "{B09BD1E9-5A51-4F2F-B289-84AA5BDF8E54}"
EndProject
Project("{9A19103F-16F7-4668-BE54-9A1E7A4F7556}") = "03-WPF-13-Naval-battle", "03-WPF-13-Naval-battle\03-WPF-13-Naval-battle.csproj", "{F6773FA6-AEB4-4623-A285-0D26D453C0E0}"
EndProject
Project("{2150E333-8FDC-42A3-9474-1A3956D46DE8}") = "04-OOP2-Inheritance", "04-OOP2-Inheritance", "{3F964780-B207-4365-A0C8-841873D47128}"
EndProject
Project("{9A19103F-16F7-4668-BE54-9A1E7A4F7556}") = "04-OOP2-01-Zoo", "04-OOP2-01-Zoo\04-OOP2-01-Zoo.csproj", "{27308F3D-59D9-4200-953B-6FCD1AF79260}"
EndProject
Project("{9A19103F-16F7-4668-BE54-9A1E7A4F7556}") = "04-OOP2-02-Countery", "04-OOP2-02-Countery\04-OOP2-02-Countery.csproj", "{4882B826-FE06-4098-855E-7E50CA45F3D8}"
EndProject
Project("{9A19103F-16F7-4668-BE54-9A1E7A4F7556}") = "04-OOP2-03-Ucty", "04-OOP2-03-Ucty\04-OOP2-03-Ucty.csproj", "{A40DA3F4-A17F-47B0-BC31-2787F867B337}"
EndProject
Project("{FAE04EC0-301F-11D3-BF4B-00C04F79EFBC}") = "04-OOP2-04-Iface-demo", "04-OOP2-04-Iface-demo\04-OOP2-04-Iface-demo.csproj", "{3AB7593F-437D-4653-B8E6-0C9C5B5DAE7F}"
EndProject
Global
	GlobalSection(SolutionConfigurationPlatforms) = preSolution
		Debug|Any CPU = Debug|Any CPU
		Release|Any CPU = Release|Any CPU
	EndGlobalSection
	GlobalSection(ProjectConfigurationPlatforms) = postSolution
		{E770CA71-1033-4DA3-85B5-886CA434C0FD}.Debug|Any CPU.ActiveCfg = Debug|Any CPU
		{E770CA71-1033-4DA3-85B5-886CA434C0FD}.Debug|Any CPU.Build.0 = Debug|Any CPU
		{E770CA71-1033-4DA3-85B5-886CA434C0FD}.Release|Any CPU.ActiveCfg = Release|Any CPU
		{E770CA71-1033-4DA3-85B5-886CA434C0FD}.Release|Any CPU.Build.0 = Release|Any CPU
		{B39E522B-C3EF-4B92-A6C4-9CA94DE1BBA7}.Debug|Any CPU.ActiveCfg = Debug|Any CPU
		{B39E522B-C3EF-4B92-A6C4-9CA94DE1BBA7}.Debug|Any CPU.Build.0 = Debug|Any CPU
		{B39E522B-C3EF-4B92-A6C4-9CA94DE1BBA7}.Release|Any CPU.ActiveCfg = Release|Any CPU
		{B39E522B-C3EF-4B92-A6C4-9CA94DE1BBA7}.Release|Any CPU.Build.0 = Release|Any CPU
		{4C59605B-083A-42CB-8C03-EBC851E4728A}.Debug|Any CPU.ActiveCfg = Debug|Any CPU
		{4C59605B-083A-42CB-8C03-EBC851E4728A}.Debug|Any CPU.Build.0 = Debug|Any CPU
		{4C59605B-083A-42CB-8C03-EBC851E4728A}.Release|Any CPU.ActiveCfg = Release|Any CPU
		{4C59605B-083A-42CB-8C03-EBC851E4728A}.Release|Any CPU.Build.0 = Release|Any CPU
		{7F481C05-47C7-4569-8636-0968F8A70CC5}.Debug|Any CPU.ActiveCfg = Debug|Any CPU
		{7F481C05-47C7-4569-8636-0968F8A70CC5}.Debug|Any CPU.Build.0 = Debug|Any CPU
		{7F481C05-47C7-4569-8636-0968F8A70CC5}.Release|Any CPU.ActiveCfg = Release|Any CPU
		{7F481C05-47C7-4569-8636-0968F8A70CC5}.Release|Any CPU.Build.0 = Release|Any CPU
		{EDF728F2-D5B6-478C-8453-09F457E00D63}.Debug|Any CPU.ActiveCfg = Debug|Any CPU
		{EDF728F2-D5B6-478C-8453-09F457E00D63}.Debug|Any CPU.Build.0 = Debug|Any CPU
		{EDF728F2-D5B6-478C-8453-09F457E00D63}.Release|Any CPU.ActiveCfg = Release|Any CPU
		{EDF728F2-D5B6-478C-8453-09F457E00D63}.Release|Any CPU.Build.0 = Release|Any CPU
		{EE8FB584-F613-4183-A010-5C3715C5DEF2}.Debug|Any CPU.ActiveCfg = Debug|Any CPU
		{EE8FB584-F613-4183-A010-5C3715C5DEF2}.Debug|Any CPU.Build.0 = Debug|Any CPU
		{EE8FB584-F613-4183-A010-5C3715C5DEF2}.Release|Any CPU.ActiveCfg = Release|Any CPU
		{EE8FB584-F613-4183-A010-5C3715C5DEF2}.Release|Any CPU.Build.0 = Release|Any CPU
		{F2F18198-B34A-40B0-9190-0BA2A57662F1}.Debug|Any CPU.ActiveCfg = Debug|Any CPU
		{F2F18198-B34A-40B0-9190-0BA2A57662F1}.Debug|Any CPU.Build.0 = Debug|Any CPU
		{F2F18198-B34A-40B0-9190-0BA2A57662F1}.Release|Any CPU.ActiveCfg = Release|Any CPU
		{F2F18198-B34A-40B0-9190-0BA2A57662F1}.Release|Any CPU.Build.0 = Release|Any CPU
		{EDB72410-27C8-432A-B1F3-54C04069E6B8}.Debug|Any CPU.ActiveCfg = Debug|Any CPU
		{EDB72410-27C8-432A-B1F3-54C04069E6B8}.Debug|Any CPU.Build.0 = Debug|Any CPU
		{EDB72410-27C8-432A-B1F3-54C04069E6B8}.Release|Any CPU.ActiveCfg = Release|Any CPU
		{EDB72410-27C8-432A-B1F3-54C04069E6B8}.Release|Any CPU.Build.0 = Release|Any CPU
		{966D27D5-1C92-47E4-BD8A-79F8601DBE7C}.Debug|Any CPU.ActiveCfg = Debug|Any CPU
		{966D27D5-1C92-47E4-BD8A-79F8601DBE7C}.Debug|Any CPU.Build.0 = Debug|Any CPU
		{966D27D5-1C92-47E4-BD8A-79F8601DBE7C}.Release|Any CPU.ActiveCfg = Release|Any CPU
		{966D27D5-1C92-47E4-BD8A-79F8601DBE7C}.Release|Any CPU.Build.0 = Release|Any CPU
		{F5E6F822-05B6-4C12-94A5-3529CF20937B}.Debug|Any CPU.ActiveCfg = Debug|Any CPU
		{F5E6F822-05B6-4C12-94A5-3529CF20937B}.Debug|Any CPU.Build.0 = Debug|Any CPU
		{F5E6F822-05B6-4C12-94A5-3529CF20937B}.Release|Any CPU.ActiveCfg = Release|Any CPU
		{F5E6F822-05B6-4C12-94A5-3529CF20937B}.Release|Any CPU.Build.0 = Release|Any CPU
		{6558BD84-DDB9-4BE4-9608-B73AD5000214}.Debug|Any CPU.ActiveCfg = Debug|Any CPU
		{6558BD84-DDB9-4BE4-9608-B73AD5000214}.Debug|Any CPU.Build.0 = Debug|Any CPU
		{6558BD84-DDB9-4BE4-9608-B73AD5000214}.Release|Any CPU.ActiveCfg = Release|Any CPU
		{6558BD84-DDB9-4BE4-9608-B73AD5000214}.Release|Any CPU.Build.0 = Release|Any CPU
		{827BB8FA-CB59-49D5-8D17-46C2234C9D4C}.Debug|Any CPU.ActiveCfg = Debug|Any CPU
		{827BB8FA-CB59-49D5-8D17-46C2234C9D4C}.Debug|Any CPU.Build.0 = Debug|Any CPU
		{827BB8FA-CB59-49D5-8D17-46C2234C9D4C}.Release|Any CPU.ActiveCfg = Release|Any CPU
		{827BB8FA-CB59-49D5-8D17-46C2234C9D4C}.Release|Any CPU.Build.0 = Release|Any CPU
		{1D77772B-170A-4AA8-9E36-0384AB94D40B}.Debug|Any CPU.ActiveCfg = Debug|Any CPU
		{1D77772B-170A-4AA8-9E36-0384AB94D40B}.Debug|Any CPU.Build.0 = Debug|Any CPU
		{1D77772B-170A-4AA8-9E36-0384AB94D40B}.Release|Any CPU.ActiveCfg = Release|Any CPU
		{1D77772B-170A-4AA8-9E36-0384AB94D40B}.Release|Any CPU.Build.0 = Release|Any CPU
		{142E903C-BA34-4EBD-8174-678EA387DAC1}.Debug|Any CPU.ActiveCfg = Debug|Any CPU
		{142E903C-BA34-4EBD-8174-678EA387DAC1}.Debug|Any CPU.Build.0 = Debug|Any CPU
		{142E903C-BA34-4EBD-8174-678EA387DAC1}.Release|Any CPU.ActiveCfg = Release|Any CPU
		{142E903C-BA34-4EBD-8174-678EA387DAC1}.Release|Any CPU.Build.0 = Release|Any CPU
		{1F723873-F271-40AA-B020-76D46C912097}.Debug|Any CPU.ActiveCfg = Debug|Any CPU
		{1F723873-F271-40AA-B020-76D46C912097}.Debug|Any CPU.Build.0 = Debug|Any CPU
		{1F723873-F271-40AA-B020-76D46C912097}.Release|Any CPU.ActiveCfg = Release|Any CPU
		{1F723873-F271-40AA-B020-76D46C912097}.Release|Any CPU.Build.0 = Release|Any CPU
		{5E33B7CD-D341-480A-93BB-5693CA997667}.Debug|Any CPU.ActiveCfg = Debug|Any CPU
		{5E33B7CD-D341-480A-93BB-5693CA997667}.Debug|Any CPU.Build.0 = Debug|Any CPU
		{5E33B7CD-D341-480A-93BB-5693CA997667}.Release|Any CPU.ActiveCfg = Release|Any CPU
		{5E33B7CD-D341-480A-93BB-5693CA997667}.Release|Any CPU.Build.0 = Release|Any CPU
		{CE0512EC-903A-4A7F-BE68-04706A671102}.Debug|Any CPU.ActiveCfg = Debug|Any CPU
		{CE0512EC-903A-4A7F-BE68-04706A671102}.Debug|Any CPU.Build.0 = Debug|Any CPU
		{CE0512EC-903A-4A7F-BE68-04706A671102}.Release|Any CPU.ActiveCfg = Release|Any CPU
		{CE0512EC-903A-4A7F-BE68-04706A671102}.Release|Any CPU.Build.0 = Release|Any CPU
		{7D10B6EA-1A8C-4BCB-AFF7-9AF44ECE098D}.Debug|Any CPU.ActiveCfg = Debug|Any CPU
		{7D10B6EA-1A8C-4BCB-AFF7-9AF44ECE098D}.Debug|Any CPU.Build.0 = Debug|Any CPU
		{7D10B6EA-1A8C-4BCB-AFF7-9AF44ECE098D}.Release|Any CPU.ActiveCfg = Release|Any CPU
		{7D10B6EA-1A8C-4BCB-AFF7-9AF44ECE098D}.Release|Any CPU.Build.0 = Release|Any CPU
		{C7D03150-A7BC-481B-A05B-53CAA30E2B58}.Debug|Any CPU.ActiveCfg = Debug|Any CPU
		{C7D03150-A7BC-481B-A05B-53CAA30E2B58}.Debug|Any CPU.Build.0 = Debug|Any CPU
		{C7D03150-A7BC-481B-A05B-53CAA30E2B58}.Release|Any CPU.ActiveCfg = Release|Any CPU
		{C7D03150-A7BC-481B-A05B-53CAA30E2B58}.Release|Any CPU.Build.0 = Release|Any CPU
		{5B8B71AF-DF21-4D56-A516-BFB588DD4D17}.Debug|Any CPU.ActiveCfg = Debug|Any CPU
		{5B8B71AF-DF21-4D56-A516-BFB588DD4D17}.Debug|Any CPU.Build.0 = Debug|Any CPU
		{5B8B71AF-DF21-4D56-A516-BFB588DD4D17}.Release|Any CPU.ActiveCfg = Release|Any CPU
		{5B8B71AF-DF21-4D56-A516-BFB588DD4D17}.Release|Any CPU.Build.0 = Release|Any CPU
		{A39FE4D8-D774-414D-8693-5F9322BD537F}.Debug|Any CPU.ActiveCfg = Debug|Any CPU
		{A39FE4D8-D774-414D-8693-5F9322BD537F}.Debug|Any CPU.Build.0 = Debug|Any CPU
		{A39FE4D8-D774-414D-8693-5F9322BD537F}.Release|Any CPU.ActiveCfg = Release|Any CPU
		{A39FE4D8-D774-414D-8693-5F9322BD537F}.Release|Any CPU.Build.0 = Release|Any CPU
		{CD5946D1-0A06-42AD-83E0-46426EB85490}.Debug|Any CPU.ActiveCfg = Debug|Any CPU
		{CD5946D1-0A06-42AD-83E0-46426EB85490}.Debug|Any CPU.Build.0 = Debug|Any CPU
		{CD5946D1-0A06-42AD-83E0-46426EB85490}.Release|Any CPU.ActiveCfg = Release|Any CPU
		{CD5946D1-0A06-42AD-83E0-46426EB85490}.Release|Any CPU.Build.0 = Release|Any CPU
		{D5DFC769-6E38-4336-B2B8-5F14D5A996E1}.Debug|Any CPU.ActiveCfg = Debug|Any CPU
		{D5DFC769-6E38-4336-B2B8-5F14D5A996E1}.Debug|Any CPU.Build.0 = Debug|Any CPU
		{D5DFC769-6E38-4336-B2B8-5F14D5A996E1}.Release|Any CPU.ActiveCfg = Release|Any CPU
		{D5DFC769-6E38-4336-B2B8-5F14D5A996E1}.Release|Any CPU.Build.0 = Release|Any CPU
		{5C0AE734-EA29-4DAD-8866-7ED02A8EF92A}.Debug|Any CPU.ActiveCfg = Debug|Any CPU
		{5C0AE734-EA29-4DAD-8866-7ED02A8EF92A}.Debug|Any CPU.Build.0 = Debug|Any CPU
		{5C0AE734-EA29-4DAD-8866-7ED02A8EF92A}.Release|Any CPU.ActiveCfg = Release|Any CPU
		{5C0AE734-EA29-4DAD-8866-7ED02A8EF92A}.Release|Any CPU.Build.0 = Release|Any CPU
		{D0C82453-61B2-4ED1-B0B3-BC5BDDB6536C}.Debug|Any CPU.ActiveCfg = Debug|Any CPU
		{D0C82453-61B2-4ED1-B0B3-BC5BDDB6536C}.Debug|Any CPU.Build.0 = Debug|Any CPU
		{D0C82453-61B2-4ED1-B0B3-BC5BDDB6536C}.Release|Any CPU.ActiveCfg = Release|Any CPU
		{D0C82453-61B2-4ED1-B0B3-BC5BDDB6536C}.Release|Any CPU.Build.0 = Release|Any CPU
		{D43B09AF-B412-4230-8720-E5D0949794EA}.Debug|Any CPU.ActiveCfg = Debug|Any CPU
		{D43B09AF-B412-4230-8720-E5D0949794EA}.Debug|Any CPU.Build.0 = Debug|Any CPU
		{D43B09AF-B412-4230-8720-E5D0949794EA}.Release|Any CPU.ActiveCfg = Release|Any CPU
		{D43B09AF-B412-4230-8720-E5D0949794EA}.Release|Any CPU.Build.0 = Release|Any CPU
		{D42ACC31-3EE6-413B-AF5A-F622ACF9EE18}.Debug|Any CPU.ActiveCfg = Debug|Any CPU
		{D42ACC31-3EE6-413B-AF5A-F622ACF9EE18}.Debug|Any CPU.Build.0 = Debug|Any CPU
		{D42ACC31-3EE6-413B-AF5A-F622ACF9EE18}.Release|Any CPU.ActiveCfg = Release|Any CPU
		{D42ACC31-3EE6-413B-AF5A-F622ACF9EE18}.Release|Any CPU.Build.0 = Release|Any CPU
		{2B765E28-C78A-452D-B751-2C0ED2C4C2C3}.Debug|Any CPU.ActiveCfg = Debug|Any CPU
		{2B765E28-C78A-452D-B751-2C0ED2C4C2C3}.Debug|Any CPU.Build.0 = Debug|Any CPU
		{2B765E28-C78A-452D-B751-2C0ED2C4C2C3}.Release|Any CPU.ActiveCfg = Release|Any CPU
		{2B765E28-C78A-452D-B751-2C0ED2C4C2C3}.Release|Any CPU.Build.0 = Release|Any CPU
		{0CC47082-0027-4BC3-991A-F051146A9BCD}.Debug|Any CPU.ActiveCfg = Debug|Any CPU
		{0CC47082-0027-4BC3-991A-F051146A9BCD}.Debug|Any CPU.Build.0 = Debug|Any CPU
		{0CC47082-0027-4BC3-991A-F051146A9BCD}.Release|Any CPU.ActiveCfg = Release|Any CPU
		{0CC47082-0027-4BC3-991A-F051146A9BCD}.Release|Any CPU.Build.0 = Release|Any CPU
		{B4A48B3F-90AB-4FD9-B44C-6B9699784FC0}.Debug|Any CPU.ActiveCfg = Debug|Any CPU
		{B4A48B3F-90AB-4FD9-B44C-6B9699784FC0}.Debug|Any CPU.Build.0 = Debug|Any CPU
		{B4A48B3F-90AB-4FD9-B44C-6B9699784FC0}.Release|Any CPU.ActiveCfg = Release|Any CPU
		{B4A48B3F-90AB-4FD9-B44C-6B9699784FC0}.Release|Any CPU.Build.0 = Release|Any CPU
		{6707BA58-9CB3-49EF-8B21-AA41E6D78095}.Debug|Any CPU.ActiveCfg = Debug|Any CPU
		{6707BA58-9CB3-49EF-8B21-AA41E6D78095}.Debug|Any CPU.Build.0 = Debug|Any CPU
		{6707BA58-9CB3-49EF-8B21-AA41E6D78095}.Release|Any CPU.ActiveCfg = Release|Any CPU
		{6707BA58-9CB3-49EF-8B21-AA41E6D78095}.Release|Any CPU.Build.0 = Release|Any CPU
		{F18912CE-D74B-48A6-BD7A-C8CBE45FB3AF}.Debug|Any CPU.ActiveCfg = Debug|Any CPU
		{F18912CE-D74B-48A6-BD7A-C8CBE45FB3AF}.Debug|Any CPU.Build.0 = Debug|Any CPU
		{F18912CE-D74B-48A6-BD7A-C8CBE45FB3AF}.Release|Any CPU.ActiveCfg = Release|Any CPU
		{F18912CE-D74B-48A6-BD7A-C8CBE45FB3AF}.Release|Any CPU.Build.0 = Release|Any CPU
		{931EB644-B4E4-4B49-841E-AA60575E7617}.Debug|Any CPU.ActiveCfg = Debug|Any CPU
		{931EB644-B4E4-4B49-841E-AA60575E7617}.Debug|Any CPU.Build.0 = Debug|Any CPU
		{931EB644-B4E4-4B49-841E-AA60575E7617}.Release|Any CPU.ActiveCfg = Release|Any CPU
		{931EB644-B4E4-4B49-841E-AA60575E7617}.Release|Any CPU.Build.0 = Release|Any CPU
		{BF87F4F4-C69B-45C5-9126-DDE94B671F78}.Debug|Any CPU.ActiveCfg = Debug|Any CPU
		{BF87F4F4-C69B-45C5-9126-DDE94B671F78}.Debug|Any CPU.Build.0 = Debug|Any CPU
		{BF87F4F4-C69B-45C5-9126-DDE94B671F78}.Release|Any CPU.ActiveCfg = Release|Any CPU
		{BF87F4F4-C69B-45C5-9126-DDE94B671F78}.Release|Any CPU.Build.0 = Release|Any CPU
		{073D4195-57E5-477B-A0DB-A95D45579B2B}.Debug|Any CPU.ActiveCfg = Debug|Any CPU
		{073D4195-57E5-477B-A0DB-A95D45579B2B}.Debug|Any CPU.Build.0 = Debug|Any CPU
		{073D4195-57E5-477B-A0DB-A95D45579B2B}.Release|Any CPU.ActiveCfg = Release|Any CPU
		{073D4195-57E5-477B-A0DB-A95D45579B2B}.Release|Any CPU.Build.0 = Release|Any CPU
		{B09BD1E9-5A51-4F2F-B289-84AA5BDF8E54}.Debug|Any CPU.ActiveCfg = Debug|Any CPU
		{B09BD1E9-5A51-4F2F-B289-84AA5BDF8E54}.Debug|Any CPU.Build.0 = Debug|Any CPU
		{B09BD1E9-5A51-4F2F-B289-84AA5BDF8E54}.Release|Any CPU.ActiveCfg = Release|Any CPU
		{B09BD1E9-5A51-4F2F-B289-84AA5BDF8E54}.Release|Any CPU.Build.0 = Release|Any CPU
		{F6773FA6-AEB4-4623-A285-0D26D453C0E0}.Debug|Any CPU.ActiveCfg = Debug|Any CPU
		{F6773FA6-AEB4-4623-A285-0D26D453C0E0}.Debug|Any CPU.Build.0 = Debug|Any CPU
		{F6773FA6-AEB4-4623-A285-0D26D453C0E0}.Release|Any CPU.ActiveCfg = Release|Any CPU
		{F6773FA6-AEB4-4623-A285-0D26D453C0E0}.Release|Any CPU.Build.0 = Release|Any CPU
		{27308F3D-59D9-4200-953B-6FCD1AF79260}.Debug|Any CPU.ActiveCfg = Debug|Any CPU
		{27308F3D-59D9-4200-953B-6FCD1AF79260}.Debug|Any CPU.Build.0 = Debug|Any CPU
		{27308F3D-59D9-4200-953B-6FCD1AF79260}.Release|Any CPU.ActiveCfg = Release|Any CPU
		{27308F3D-59D9-4200-953B-6FCD1AF79260}.Release|Any CPU.Build.0 = Release|Any CPU
		{4882B826-FE06-4098-855E-7E50CA45F3D8}.Debug|Any CPU.ActiveCfg = Debug|Any CPU
		{4882B826-FE06-4098-855E-7E50CA45F3D8}.Debug|Any CPU.Build.0 = Debug|Any CPU
		{4882B826-FE06-4098-855E-7E50CA45F3D8}.Release|Any CPU.ActiveCfg = Release|Any CPU
		{4882B826-FE06-4098-855E-7E50CA45F3D8}.Release|Any CPU.Build.0 = Release|Any CPU
		{A40DA3F4-A17F-47B0-BC31-2787F867B337}.Debug|Any CPU.ActiveCfg = Debug|Any CPU
		{A40DA3F4-A17F-47B0-BC31-2787F867B337}.Debug|Any CPU.Build.0 = Debug|Any CPU
		{A40DA3F4-A17F-47B0-BC31-2787F867B337}.Release|Any CPU.ActiveCfg = Release|Any CPU
		{A40DA3F4-A17F-47B0-BC31-2787F867B337}.Release|Any CPU.Build.0 = Release|Any CPU
		{3AB7593F-437D-4653-B8E6-0C9C5B5DAE7F}.Debug|Any CPU.ActiveCfg = Debug|Any CPU
		{3AB7593F-437D-4653-B8E6-0C9C5B5DAE7F}.Debug|Any CPU.Build.0 = Debug|Any CPU
		{3AB7593F-437D-4653-B8E6-0C9C5B5DAE7F}.Release|Any CPU.ActiveCfg = Release|Any CPU
		{3AB7593F-437D-4653-B8E6-0C9C5B5DAE7F}.Release|Any CPU.Build.0 = Release|Any CPU
	EndGlobalSection
	GlobalSection(SolutionProperties) = preSolution
		HideSolutionNode = FALSE
	EndGlobalSection
	GlobalSection(NestedProjects) = preSolution
		{E770CA71-1033-4DA3-85B5-886CA434C0FD} = {CC7157B4-1929-4648-80A1-7F16EF70BAFC}
		{B39E522B-C3EF-4B92-A6C4-9CA94DE1BBA7} = {CC7157B4-1929-4648-80A1-7F16EF70BAFC}
		{4C59605B-083A-42CB-8C03-EBC851E4728A} = {CC7157B4-1929-4648-80A1-7F16EF70BAFC}
		{7F481C05-47C7-4569-8636-0968F8A70CC5} = {2018ED7B-63DA-442A-94EC-5B9D56B2100B}
		{EDF728F2-D5B6-478C-8453-09F457E00D63} = {2018ED7B-63DA-442A-94EC-5B9D56B2100B}
		{EE8FB584-F613-4183-A010-5C3715C5DEF2} = {2018ED7B-63DA-442A-94EC-5B9D56B2100B}
		{F2F18198-B34A-40B0-9190-0BA2A57662F1} = {2018ED7B-63DA-442A-94EC-5B9D56B2100B}
		{EDB72410-27C8-432A-B1F3-54C04069E6B8} = {2018ED7B-63DA-442A-94EC-5B9D56B2100B}
		{966D27D5-1C92-47E4-BD8A-79F8601DBE7C} = {672241D6-9FB7-415E-B580-93DDC9E971DE}
		{F5E6F822-05B6-4C12-94A5-3529CF20937B} = {672241D6-9FB7-415E-B580-93DDC9E971DE}
		{6558BD84-DDB9-4BE4-9608-B73AD5000214} = {672241D6-9FB7-415E-B580-93DDC9E971DE}
		{827BB8FA-CB59-49D5-8D17-46C2234C9D4C} = {672241D6-9FB7-415E-B580-93DDC9E971DE}
		{1D77772B-170A-4AA8-9E36-0384AB94D40B} = {672241D6-9FB7-415E-B580-93DDC9E971DE}
		{142E903C-BA34-4EBD-8174-678EA387DAC1} = {672241D6-9FB7-415E-B580-93DDC9E971DE}
		{1F723873-F271-40AA-B020-76D46C912097} = {672241D6-9FB7-415E-B580-93DDC9E971DE}
		{5E33B7CD-D341-480A-93BB-5693CA997667} = {672241D6-9FB7-415E-B580-93DDC9E971DE}
		{CE0512EC-903A-4A7F-BE68-04706A671102} = {672241D6-9FB7-415E-B580-93DDC9E971DE}
		{7D10B6EA-1A8C-4BCB-AFF7-9AF44ECE098D} = {2018ED7B-63DA-442A-94EC-5B9D56B2100B}
		{C7D03150-A7BC-481B-A05B-53CAA30E2B58} = {2018ED7B-63DA-442A-94EC-5B9D56B2100B}
		{5B8B71AF-DF21-4D56-A516-BFB588DD4D17} = {2018ED7B-63DA-442A-94EC-5B9D56B2100B}
		{CD5946D1-0A06-42AD-83E0-46426EB85490} = {53BC446D-A6E9-4ACC-A037-635DD4DAF35A}
		{D5DFC769-6E38-4336-B2B8-5F14D5A996E1} = {53BC446D-A6E9-4ACC-A037-635DD4DAF35A}
		{5C0AE734-EA29-4DAD-8866-7ED02A8EF92A} = {672241D6-9FB7-415E-B580-93DDC9E971DE}
		{D0C82453-61B2-4ED1-B0B3-BC5BDDB6536C} = {672241D6-9FB7-415E-B580-93DDC9E971DE}
		{D43B09AF-B412-4230-8720-E5D0949794EA} = {672241D6-9FB7-415E-B580-93DDC9E971DE}
		{D42ACC31-3EE6-413B-AF5A-F622ACF9EE18} = {53BC446D-A6E9-4ACC-A037-635DD4DAF35A}
		{2B765E28-C78A-452D-B751-2C0ED2C4C2C3} = {53BC446D-A6E9-4ACC-A037-635DD4DAF35A}
		{0CC47082-0027-4BC3-991A-F051146A9BCD} = {53BC446D-A6E9-4ACC-A037-635DD4DAF35A}
		{B4A48B3F-90AB-4FD9-B44C-6B9699784FC0} = {53BC446D-A6E9-4ACC-A037-635DD4DAF35A}
		{6707BA58-9CB3-49EF-8B21-AA41E6D78095} = {53BC446D-A6E9-4ACC-A037-635DD4DAF35A}
		{F18912CE-D74B-48A6-BD7A-C8CBE45FB3AF} = {53BC446D-A6E9-4ACC-A037-635DD4DAF35A}
		{931EB644-B4E4-4B49-841E-AA60575E7617} = {53BC446D-A6E9-4ACC-A037-635DD4DAF35A}
		{BF87F4F4-C69B-45C5-9126-DDE94B671F78} = {53BC446D-A6E9-4ACC-A037-635DD4DAF35A}
		{073D4195-57E5-477B-A0DB-A95D45579B2B} = {53BC446D-A6E9-4ACC-A037-635DD4DAF35A}
		{B09BD1E9-5A51-4F2F-B289-84AA5BDF8E54} = {53BC446D-A6E9-4ACC-A037-635DD4DAF35A}
		{F6773FA6-AEB4-4623-A285-0D26D453C0E0} = {53BC446D-A6E9-4ACC-A037-635DD4DAF35A}
		{27308F3D-59D9-4200-953B-6FCD1AF79260} = {3F964780-B207-4365-A0C8-841873D47128}
		{4882B826-FE06-4098-855E-7E50CA45F3D8} = {3F964780-B207-4365-A0C8-841873D47128}
		{A40DA3F4-A17F-47B0-BC31-2787F867B337} = {3F964780-B207-4365-A0C8-841873D47128}
		{3AB7593F-437D-4653-B8E6-0C9C5B5DAE7F} = {3F964780-B207-4365-A0C8-841873D47128}
	EndGlobalSection
	GlobalSection(ExtensibilityGlobals) = postSolution
		SolutionGuid = {AB031FC3-9FE8-4FD6-B836-C5C1B6CC76F7}
	EndGlobalSection
EndGlobal
