
Microsoft Visual Studio Solution File, Format Version 12.00
# Visual Studio Version 16
VisualStudioVersion = 16.0.31515.178
MinimumVisualStudioVersion = 10.0.40219.1
Project("{9A19103F-16F7-4668-BE54-9A1E7A4F7556}") = "01-Uvod_00-Opakovani-syntaxe", "01-Hello-world\01-Uvod_00-Opakovani-syntaxe.csproj", "{E770CA71-1033-4DA3-85B5-886CA434C0FD}"
EndProject
Project("{2150E333-8FDC-42A3-9474-1A3956D46DE8}") = "01-Uvod", "01-Uvod", "{CC7157B4-1929-4648-80A1-7F16EF70BAFC}"
EndProject
Project("{9A19103F-16F7-4668-BE54-9A1E7A4F7556}") = "01-Uvod_01-Prohozeni-promennych", "01-Uvod_01-Prohozeni-promennych\01-Uvod_01-Prohozeni-promennych.csproj", "{B39E522B-C3EF-4B92-A6C4-9CA94DE1BBA7}"
EndProject
Project("{9A19103F-16F7-4668-BE54-9A1E7A4F7556}") = "01-Uvod_02-TryParse", "01-Uvod_02-TryParse\01-Uvod_02-TryParse.csproj", "{4C59605B-083A-42CB-8C03-EBC851E4728A}"
EndProject
Project("{2150E333-8FDC-42A3-9474-1A3956D46DE8}") = "02-OOP-a-pod", "02-OOP-a-pod", "{2018ED7B-63DA-442A-94EC-5B9D56B2100B}"
EndProject
Project("{FAE04EC0-301F-11D3-BF4B-00C04F79EFBC}") = "02-OOP-01-Enum", "02-OOP-01-Enum\02-OOP-01-Enum.csproj", "{7F481C05-47C7-4569-8636-0968F8A70CC5}"
EndProject
Global
	GlobalSection(SolutionConfigurationPlatforms) = preSolution
		Debug|Any CPU = Debug|Any CPU
		Release|Any CPU = Release|Any CPU
	EndGlobalSection
	GlobalSection(ProjectConfigurationPlatforms) = postSolution
		{E770CA71-1033-4DA3-85B5-886CA434C0FD}.Debug|Any CPU.ActiveCfg = Debug|Any CPU
		{E770CA71-1033-4DA3-85B5-886CA434C0FD}.Debug|Any CPU.Build.0 = Debug|Any CPU
		{E770CA71-1033-4DA3-85B5-886CA434C0FD}.Release|Any CPU.ActiveCfg = Release|Any CPU
		{E770CA71-1033-4DA3-85B5-886CA434C0FD}.Release|Any CPU.Build.0 = Release|Any CPU
		{B39E522B-C3EF-4B92-A6C4-9CA94DE1BBA7}.Debug|Any CPU.ActiveCfg = Debug|Any CPU
		{B39E522B-C3EF-4B92-A6C4-9CA94DE1BBA7}.Debug|Any CPU.Build.0 = Debug|Any CPU
		{B39E522B-C3EF-4B92-A6C4-9CA94DE1BBA7}.Release|Any CPU.ActiveCfg = Release|Any CPU
		{B39E522B-C3EF-4B92-A6C4-9CA94DE1BBA7}.Release|Any CPU.Build.0 = Release|Any CPU
		{4C59605B-083A-42CB-8C03-EBC851E4728A}.Debug|Any CPU.ActiveCfg = Debug|Any CPU
		{4C59605B-083A-42CB-8C03-EBC851E4728A}.Debug|Any CPU.Build.0 = Debug|Any CPU
		{4C59605B-083A-42CB-8C03-EBC851E4728A}.Release|Any CPU.ActiveCfg = Release|Any CPU
		{4C59605B-083A-42CB-8C03-EBC851E4728A}.Release|Any CPU.Build.0 = Release|Any CPU
		{7F481C05-47C7-4569-8636-0968F8A70CC5}.Debug|Any CPU.ActiveCfg = Debug|Any CPU
		{7F481C05-47C7-4569-8636-0968F8A70CC5}.Debug|Any CPU.Build.0 = Debug|Any CPU
		{7F481C05-47C7-4569-8636-0968F8A70CC5}.Release|Any CPU.ActiveCfg = Release|Any CPU
		{7F481C05-47C7-4569-8636-0968F8A70CC5}.Release|Any CPU.Build.0 = Release|Any CPU
	EndGlobalSection
	GlobalSection(SolutionProperties) = preSolution
		HideSolutionNode = FALSE
	EndGlobalSection
	GlobalSection(NestedProjects) = preSolution
		{E770CA71-1033-4DA3-85B5-886CA434C0FD} = {CC7157B4-1929-4648-80A1-7F16EF70BAFC}
		{B39E522B-C3EF-4B92-A6C4-9CA94DE1BBA7} = {CC7157B4-1929-4648-80A1-7F16EF70BAFC}
		{4C59605B-083A-42CB-8C03-EBC851E4728A} = {CC7157B4-1929-4648-80A1-7F16EF70BAFC}
		{7F481C05-47C7-4569-8636-0968F8A70CC5} = {2018ED7B-63DA-442A-94EC-5B9D56B2100B}
	EndGlobalSection
	GlobalSection(ExtensibilityGlobals) = postSolution
		SolutionGuid = {AB031FC3-9FE8-4FD6-B836-C5C1B6CC76F7}
	EndGlobalSection
EndGlobal
